
Microsoft Visual Studio Solution File, Format Version 12.00
# Visual Studio Version 17
VisualStudioVersion = 17.6.33927.249
MinimumVisualStudioVersion = 10.0.40219.1
Project("{FAE04EC0-301F-11D3-BF4B-00C04F79EFBC}") = "Ref-keyword", "Ref-keyword\Ref-keyword.csproj", "{F692A0B1-3235-419B-A408-F2895AF86A68}"
EndProject
Global
	GlobalSection(SolutionConfigurationPlatforms) = preSolution
		Debug|Any CPU = Debug|Any CPU
		Release|Any CPU = Release|Any CPU
	EndGlobalSection
	GlobalSection(ProjectConfigurationPlatforms) = postSolution
		{F692A0B1-3235-419B-A408-F2895AF86A68}.Debug|Any CPU.ActiveCfg = Debug|Any CPU
		{F692A0B1-3235-419B-A408-F2895AF86A68}.Debug|Any CPU.Build.0 = Debug|Any CPU
		{F692A0B1-3235-419B-A408-F2895AF86A68}.Release|Any CPU.ActiveCfg = Release|Any CPU
		{F692A0B1-3235-419B-A408-F2895AF86A68}.Release|Any CPU.Build.0 = Release|Any CPU
	EndGlobalSection
	GlobalSection(SolutionProperties) = preSolution
		HideSolutionNode = FALSE
	EndGlobalSection
	GlobalSection(ExtensibilityGlobals) = postSolution
		SolutionGuid = {FD37E11D-BEB5-4366-8E55-19BE030D3256}
	EndGlobalSection
EndGlobal
